
Microsoft Visual Studio Solution File, Format Version 12.00
# Visual Studio Version 17
VisualStudioVersion = 17.9.34616.47
MinimumVisualStudioVersion = 10.0.40219.1
Project("{FAE04EC0-301F-11D3-BF4B-00C04F79EFBC}") = "AplikasiKasir", "AplikasiKasir\AplikasiKasir.csproj", "{BDFA3A8D-60AC-40D6-A939-E55FE42CF638}"
EndProject
Global
	GlobalSection(SolutionConfigurationPlatforms) = preSolution
		Debug|Any CPU = Debug|Any CPU
		Release|Any CPU = Release|Any CPU
	EndGlobalSection
	GlobalSection(ProjectConfigurationPlatforms) = postSolution
		{BDFA3A8D-60AC-40D6-A939-E55FE42CF638}.Debug|Any CPU.ActiveCfg = Debug|Any CPU
		{BDFA3A8D-60AC-40D6-A939-E55FE42CF638}.Debug|Any CPU.Build.0 = Debug|Any CPU
		{BDFA3A8D-60AC-40D6-A939-E55FE42CF638}.Release|Any CPU.ActiveCfg = Release|Any CPU
		{BDFA3A8D-60AC-40D6-A939-E55FE42CF638}.Release|Any CPU.Build.0 = Release|Any CPU
	EndGlobalSection
	GlobalSection(SolutionProperties) = preSolution
		HideSolutionNode = FALSE
	EndGlobalSection
	GlobalSection(ExtensibilityGlobals) = postSolution
		SolutionGuid = {622A89D2-A398-4477-8911-EBE71B75EBDC}
	EndGlobalSection
EndGlobal
